Microsoft Visual Studio Solution File, Format Version 12.00
# Visual Studio Version 17
VisualStudioVersion = 17.9.34728.123
MinimumVisualStudioVersion = 10.0.40219.1
Project("{9A19103F-16F7-4668-BE54-9A1E7A4F7556}") = "ImageViewerSuccession", "ImageViewerSuccession.csproj", "{0CCEF6FE-69C7-4C0D-87F8-C25276E6019E}"
EndProject
Global
	GlobalSection(SolutionConfigurationPlatforms) = preSolution
		Debug|Any CPU = Debug|Any CPU
		Release|Any CPU = Release|Any CPU
	EndGlobalSection
	GlobalSection(ProjectConfigurationPlatforms) = postSolution
		{0CCEF6FE-69C7-4C0D-87F8-C25276E6019E}.Debug|Any CPU.ActiveCfg = Debug|Any CPU
		{0CCEF6FE-69C7-4C0D-87F8-C25276E6019E}.Debug|Any CPU.Build.0 = Debug|Any CPU
		{0CCEF6FE-69C7-4C0D-87F8-C25276E6019E}.Release|Any CPU.ActiveCfg = Release|Any CPU
		{0CCEF6FE-69C7-4C0D-87F8-C25276E6019E}.Release|Any CPU.Build.0 = Release|Any CPU
	EndGlobalSection
	GlobalSection(SolutionProperties) = preSolution
		HideSolutionNode = FALSE
	EndGlobalSection
	GlobalSection(ExtensibilityGlobals) = postSolution
		SolutionGuid = {3D6A80F5-8D95-4A6B-A0EC-15F1BE4A4264}
	EndGlobalSection
EndGlobal
